{
  "version": 4,
  "terraform_version": "1.13.3",
  "serial": 24,
  "lineage": "7c635883-cdc8-8016-871b-ce07a0d88bbd",
  "outputs": {},
  "resources": [
    {
      "mode": "data",
      "type": "azurerm_client_config",
      "name": "current",
      "provider": "provider[\"registry.terraform.io/hashicorp/azurerm\"]",
      "instances": [
        {
          "schema_version": 0,
          "attributes": {
            "client_id": "04b07795-8ddb-461a-bbee-02f9e1bf7b46",
            "id": "Y2xpZW50Q29uZmlncy9jbGllbnRJZD0wNGIwNzc5NS04ZGRiLTQ2MWEtYmJlZS0wMmY5ZTFiZjdiNDY7b2JqZWN0SWQ9MmY4ODM1ZTktYjE0Zi00ZTc1LWJhNDQtYzdhMDg1ODQ3ZjAzO3N1YnNjcmlwdGlvbklkPTNiYmJlZjEyLTU1NTMtNDI0NS1iNjNhLTc2NWQ0Yzc5YmQxZDt0ZW5hbnRJZD1lMWJiMWY3ZS0wZjcwLTRlMjYtOWQ4OC1kZjg4OGZkMTgyZGE=",
            "object_id": "2f8835e9-b14f-4e75-ba44-c7a085847f03",
            "subscription_id": "3bbbef12-5553-4245-b63a-765d4c79bd1d",
            "tenant_id": "e1bb1f7e-0f70-4e26-9d88-df888fd182da",
            "timeouts": null
          },
          "sensitive_attributes": [],
          "identity_schema_version": 0
        }
      ]
    },
    {
      "mode": "data",
      "type": "azurerm_key_vault",
      "name": "kv",
      "provider": "provider[\"registry.terraform.io/hashicorp/azurerm\"]",
      "instances": [
        {
          "schema_version": 0,
          "attributes": {
            "access_policy": [
              {
                "application_id": "",
                "certificate_permissions": [
                  "Get",
                  "List",
                  "Update",
                  "Create",
                  "Import",
                  "Delete",
                  "Recover",
                  "Backup",
                  "Restore",
                  "ManageContacts",
                  "ManageIssuers",
                  "GetIssuers",
                  "ListIssuers",
                  "SetIssuers",
                  "DeleteIssuers"
                ],
                "key_permissions": [
                  "Get",
                  "List",
                  "Update",
                  "Create",
                  "Import",
                  "Delete",
                  "Recover",
                  "Backup",
                  "Restore",
                  "GetRotationPolicy",
                  "SetRotationPolicy",
                  "Rotate"
                ],
                "object_id": "2f8835e9-b14f-4e75-ba44-c7a085847f03",
                "secret_permissions": [
                  "Get",
                  "Set",
                  "Delete",
                  "Purge",
                  "Recover",
                  "Backup",
                  "Restore",
                  "List"
                ],
                "storage_permissions": [],
                "tenant_id": "e1bb1f7e-0f70-4e26-9d88-df888fd182da"
              }
            ],
            "enable_rbac_authorization": false,
            "enabled_for_deployment": false,
            "enabled_for_disk_encryption": false,
            "enabled_for_template_deployment": false,
            "id": "/subscriptions/3bbbef12-5553-4245-b63a-765d4c79bd1d/resourceGroups/cloudx-rg3511/providers/Microsoft.KeyVault/vaults/cloudx-keyvault3511",
            "location": "canadacentral",
            "name": "cloudx-keyvault3511",
            "network_acls": [],
            "public_network_access_enabled": true,
            "purge_protection_enabled": false,
            "rbac_authorization_enabled": false,
            "resource_group_name": "cloudx-rg3511",
            "sku_name": "standard",
            "tags": {},
            "tenant_id": "e1bb1f7e-0f70-4e26-9d88-df888fd182da",
            "timeouts": null,
            "vault_uri": "https://cloudx-keyvault3511.vault.azure.net/"
          },
          "sensitive_attributes": [],
          "identity_schema_version": 0
        }
      ]
    },
    {
      "mode": "data",
      "type": "azurerm_key_vault_secret",
      "name": "admin_password",
      "provider": "provider[\"registry.terraform.io/hashicorp/azurerm\"]",
      "instances": [
        {
          "schema_version": 0,
          "attributes": {
            "content_type": "",
            "expiration_date": "",
            "id": "https://cloudx-keyvault3511.vault.azure.net/secrets/admin-password/edadc4155b1548699c4fbce573a3e6a0",
            "key_vault_id": "/subscriptions/3bbbef12-5553-4245-b63a-765d4c79bd1d/resourceGroups/cloudx-rg3511/providers/Microsoft.KeyVault/vaults/cloudx-keyvault3511",
            "name": "admin-password",
            "not_before_date": "",
            "resource_id": "/subscriptions/3bbbef12-5553-4245-b63a-765d4c79bd1d/resourceGroups/cloudx-rg3511/providers/Microsoft.KeyVault/vaults/cloudx-keyvault3511/secrets/admin-password/versions/edadc4155b1548699c4fbce573a3e6a0",
            "resource_versionless_id": "/subscriptions/3bbbef12-5553-4245-b63a-765d4c79bd1d/resourceGroups/cloudx-rg3511/providers/Microsoft.KeyVault/vaults/cloudx-keyvault3511/secrets/admin-password",
            "tags": {
              "file-encoding": "utf-8"
            },
            "timeouts": null,
            "value": "StrongPassword123!",
            "version": "edadc4155b1548699c4fbce573a3e6a0",
            "versionless_id": "https://cloudx-keyvault3511.vault.azure.net/secrets/admin-password"
          },
          "sensitive_attributes": [
            [
              {
                "type": "get_attr",
                "value": "value"
              }
            ]
          ],
          "identity_schema_version": 0
        }
      ]
    },
    {
      "mode": "data",
      "type": "azurerm_key_vault_secret",
      "name": "admin_username",
      "provider": "provider[\"registry.terraform.io/hashicorp/azurerm\"]",
      "instances": [
        {
          "schema_version": 0,
          "attributes": {
            "content_type": "",
            "expiration_date": "",
            "id": "https://cloudx-keyvault3511.vault.azure.net/secrets/admin-username/296dd0495e52459f9366ad863d0426c1",
            "key_vault_id": "/subscriptions/3bbbef12-5553-4245-b63a-765d4c79bd1d/resourceGroups/cloudx-rg3511/providers/Microsoft.KeyVault/vaults/cloudx-keyvault3511",
            "name": "admin-username",
            "not_before_date": "",
            "resource_id": "/subscriptions/3bbbef12-5553-4245-b63a-765d4c79bd1d/resourceGroups/cloudx-rg3511/providers/Microsoft.KeyVault/vaults/cloudx-keyvault3511/secrets/admin-username/versions/296dd0495e52459f9366ad863d0426c1",
            "resource_versionless_id": "/subscriptions/3bbbef12-5553-4245-b63a-765d4c79bd1d/resourceGroups/cloudx-rg3511/providers/Microsoft.KeyVault/vaults/cloudx-keyvault3511/secrets/admin-username",
            "tags": {
              "file-encoding": "utf-8"
            },
            "timeouts": null,
            "value": "adminuser",
            "version": "296dd0495e52459f9366ad863d0426c1",
            "versionless_id": "https://cloudx-keyvault3511.vault.azure.net/secrets/admin-username"
          },
          "sensitive_attributes": [
            [
              {
                "type": "get_attr",
                "value": "value"
              }
            ]
          ],
          "identity_schema_version": 0
        }
      ]
    },
    {
      "mode": "managed",
      "type": "azurerm_network_interface",
      "name": "nic",
      "provider": "provider[\"registry.terraform.io/hashicorp/azurerm\"]",
      "instances": [
        {
          "schema_version": 0,
          "attributes": {
            "accelerated_networking_enabled": false,
            "applied_dns_servers": [],
            "auxiliary_mode": "",
            "auxiliary_sku": "",
            "dns_servers": [],
            "edge_zone": "",
            "id": "/subscriptions/3bbbef12-5553-4245-b63a-765d4c79bd1d/resourceGroups/cloudx-rg/providers/Microsoft.Network/networkInterfaces/vm-nic",
            "internal_dns_name_label": "",
            "internal_domain_name_suffix": "tyfg1dgo2aqungkbyauc2mz5jb.ux.internal.cloudapp.net",
            "ip_configuration": [
              {
                "gateway_load_balancer_frontend_ip_configuration_id": "",
                "name": "internal",
                "primary": true,
                "private_ip_address": "10.0.2.4",
                "private_ip_address_allocation": "Dynamic",
                "private_ip_address_version": "IPv4",
                "public_ip_address_id": "/subscriptions/3bbbef12-5553-4245-b63a-765d4c79bd1d/resourceGroups/cloudx-rg/providers/Microsoft.Network/publicIPAddresses/public-ip",
                "subnet_id": "/subscriptions/3bbbef12-5553-4245-b63a-765d4c79bd1d/resourceGroups/cloudx-rg/providers/Microsoft.Network/virtualNetworks/unique-vnet/subnets/vm"
              }
            ],
            "ip_forwarding_enabled": false,
            "location": "canadacentral",
            "mac_address": "7C-1E-52-53-C6-83",
            "name": "vm-nic",
            "private_ip_address": "10.0.2.4",
            "private_ip_addresses": [
              "10.0.2.4"
            ],
            "resource_group_name": "cloudx-rg",
            "tags": {},
            "timeouts": null,
            "virtual_machine_id": "/subscriptions/3bbbef12-5553-4245-b63a-765d4c79bd1d/resourceGroups/cloudx-rg/providers/Microsoft.Compute/virtualMachines/cloudforged-vm"
          },
          "sensitive_attributes": [],
          "identity_schema_version": 0,
          "identity": {
            "name": "vm-nic",
            "resource_group_name": "cloudx-rg",
            "subscription_id": "3bbbef12-5553-4245-b63a-765d4c79bd1d"
          },
          "private": "eyJlMmJmYjczMC1lY2FhLTExZTYtOGY4OC0zNDM2M2JjN2M0YzAiOnsiY3JlYXRlIjoxODAwMDAwMDAwMDAwLCJkZWxldGUiOjE4MDAwMDAwMDAwMDAsInJlYWQiOjMwMDAwMDAwMDAwMCwidXBkYXRlIjoxODAwMDAwMDAwMDAwfX0=",
          "dependencies": [
            "azurerm_public_ip.pip",
            "azurerm_resource_group.rg",
            "azurerm_subnet.cloud",
            "azurerm_virtual_network.vnet"
          ]
        }
      ]
    },
    {
      "mode": "managed",
      "type": "azurerm_network_security_group",
      "name": "vm_nsg",
      "provider": "provider[\"registry.terraform.io/hashicorp/azurerm\"]",
      "instances": [
        {
          "schema_version": 0,
          "attributes": {
            "id": "/subscriptions/3bbbef12-5553-4245-b63a-765d4c79bd1d/resourceGroups/cloudx-rg/providers/Microsoft.Network/networkSecurityGroups/vm-nsg",
            "location": "canadacentral",
            "name": "vm-nsg",
            "resource_group_name": "cloudx-rg",
            "security_rule": [
              {
                "access": "Allow",
                "description": "",
                "destination_address_prefix": "*",
                "destination_address_prefixes": [],
                "destination_application_security_group_ids": [],
                "destination_port_range": "80",
                "destination_port_ranges": [],
                "direction": "Inbound",
                "name": "allow-rdp",
                "priority": 1001,
                "protocol": "Tcp",
                "source_address_prefix": "0.0.0.0/0",
                "source_address_prefixes": [],
                "source_application_security_group_ids": [],
                "source_port_range": "*",
                "source_port_ranges": []
              }
            ],
            "tags": {},
            "timeouts": null
          },
          "sensitive_attributes": [],
          "identity_schema_version": 0,
          "identity": {
            "name": "vm-nsg",
            "resource_group_name": "cloudx-rg",
            "subscription_id": "3bbbef12-5553-4245-b63a-765d4c79bd1d"
          },
          "private": "eyJlMmJmYjczMC1lY2FhLTExZTYtOGY4OC0zNDM2M2JjN2M0YzAiOnsiY3JlYXRlIjoxODAwMDAwMDAwMDAwLCJkZWxldGUiOjE4MDAwMDAwMDAwMDAsInJlYWQiOjMwMDAwMDAwMDAwMCwidXBkYXRlIjoxODAwMDAwMDAwMDAwfX0=",
          "dependencies": [
            "azurerm_resource_group.rg"
          ]
        }
      ]
    },
    {
      "mode": "managed",
      "type": "azurerm_public_ip",
      "name": "pip",
      "provider": "provider[\"registry.terraform.io/hashicorp/azurerm\"]",
      "instances": [
        {
          "schema_version": 0,
          "attributes": {
            "allocation_method": "Static",
            "ddos_protection_mode": "VirtualNetworkInherited",
            "ddos_protection_plan_id": null,
            "domain_name_label": null,
            "domain_name_label_scope": null,
            "edge_zone": "",
            "fqdn": null,
            "id": "/subscriptions/3bbbef12-5553-4245-b63a-765d4c79bd1d/resourceGroups/cloudx-rg/providers/Microsoft.Network/publicIPAddresses/public-ip",
            "idle_timeout_in_minutes": 4,
            "ip_address": "4.206.72.8",
            "ip_tags": {},
            "ip_version": "IPv4",
            "location": "canadacentral",
            "name": "public-ip",
            "public_ip_prefix_id": null,
            "resource_group_name": "cloudx-rg",
            "reverse_fqdn": null,
            "sku": "Standard",
            "sku_tier": "Regional",
            "tags": {},
            "timeouts": null,
            "zones": []
          },
          "sensitive_attributes": [],
          "identity_schema_version": 0,
          "private": "eyJlMmJmYjczMC1lY2FhLTExZTYtOGY4OC0zNDM2M2JjN2M0YzAiOnsiY3JlYXRlIjoxODAwMDAwMDAwMDAwLCJkZWxldGUiOjE4MDAwMDAwMDAwMDAsInJlYWQiOjMwMDAwMDAwMDAwMCwidXBkYXRlIjoxODAwMDAwMDAwMDAwfX0=",
          "dependencies": [
            "azurerm_resource_group.rg"
          ]
        }
      ]
    },
    {
      "mode": "managed",
      "type": "azurerm_resource_group",
      "name": "rg",
      "provider": "provider[\"registry.terraform.io/hashicorp/azurerm\"]",
      "instances": [
        {
          "schema_version": 0,
          "attributes": {
            "id": "/subscriptions/3bbbef12-5553-4245-b63a-765d4c79bd1d/resourceGroups/cloudx-rg",
            "location": "canadacentral",
            "managed_by": "",
            "name": "cloudx-rg",
            "tags": {},
            "timeouts": null
          },
          "sensitive_attributes": [],
          "identity_schema_version": 0,
          "identity": {
            "name": "cloudx-rg",
            "subscription_id": "3bbbef12-5553-4245-b63a-765d4c79bd1d"
          },
          "private": "eyJlMmJmYjczMC1lY2FhLTExZTYtOGY4OC0zNDM2M2JjN2M0YzAiOnsiY3JlYXRlIjo1NDAwMDAwMDAwMDAwLCJkZWxldGUiOjU0MDAwMDAwMDAwMDAsInJlYWQiOjMwMDAwMDAwMDAwMCwidXBkYXRlIjo1NDAwMDAwMDAwMDAwfX0="
        }
      ]
    },
    {
      "mode": "managed",
      "type": "azurerm_subnet",
      "name": "cloud",
      "provider": "provider[\"registry.terraform.io/hashicorp/azurerm\"]",
      "instances": [
        {
          "schema_version": 0,
          "attributes": {
            "address_prefixes": [
              "10.0.2.0/24"
            ],
            "default_outbound_access_enabled": true,
            "delegation": [],
            "id": "/subscriptions/3bbbef12-5553-4245-b63a-765d4c79bd1d/resourceGroups/cloudx-rg/providers/Microsoft.Network/virtualNetworks/unique-vnet/subnets/vm",
            "ip_address_pool": [],
            "name": "vm",
            "private_endpoint_network_policies": "Disabled",
            "private_link_service_network_policies_enabled": true,
            "resource_group_name": "cloudx-rg",
            "service_endpoint_policy_ids": [],
            "service_endpoints": [],
            "sharing_scope": "",
            "timeouts": null,
            "virtual_network_name": "unique-vnet"
          },
          "sensitive_attributes": [],
          "identity_schema_version": 0,
          "identity": {
            "name": "vm",
            "resource_group_name": "cloudx-rg",
            "subscription_id": "3bbbef12-5553-4245-b63a-765d4c79bd1d",
            "virtual_network_name": "unique-vnet"
          },
          "private": "eyJlMmJmYjczMC1lY2FhLTExZTYtOGY4OC0zNDM2M2JjN2M0YzAiOnsiY3JlYXRlIjoxODAwMDAwMDAwMDAwLCJkZWxldGUiOjE4MDAwMDAwMDAwMDAsInJlYWQiOjMwMDAwMDAwMDAwMCwidXBkYXRlIjoxODAwMDAwMDAwMDAwfX0=",
          "dependencies": [
            "azurerm_resource_group.rg",
            "azurerm_virtual_network.vnet"
          ]
        }
      ]
    },
    {
      "mode": "managed",
      "type": "azurerm_subnet_network_security_group_association",
      "name": "nsg_assoc",
      "provider": "provider[\"registry.terraform.io/hashicorp/azurerm\"]",
      "instances": [
        {
          "schema_version": 0,
          "attributes": {
            "id": "/subscriptions/3bbbef12-5553-4245-b63a-765d4c79bd1d/resourceGroups/cloudx-rg/providers/Microsoft.Network/virtualNetworks/unique-vnet/subnets/vm",
            "network_security_group_id": "/subscriptions/3bbbef12-5553-4245-b63a-765d4c79bd1d/resourceGroups/cloudx-rg/providers/Microsoft.Network/networkSecurityGroups/vm-nsg",
            "subnet_id": "/subscriptions/3bbbef12-5553-4245-b63a-765d4c79bd1d/resourceGroups/cloudx-rg/providers/Microsoft.Network/virtualNetworks/unique-vnet/subnets/vm",
            "timeouts": null
          },
          "sensitive_attributes": [],
          "identity_schema_version": 0,
          "private": "eyJlMmJmYjczMC1lY2FhLTExZTYtOGY4OC0zNDM2M2JjN2M0YzAiOnsiY3JlYXRlIjoxODAwMDAwMDAwMDAwLCJkZWxldGUiOjE4MDAwMDAwMDAwMDAsInJlYWQiOjMwMDAwMDAwMDAwMH19",
          "dependencies": [
            "azurerm_network_security_group.vm_nsg",
            "azurerm_resource_group.rg",
            "azurerm_subnet.cloud",
            "azurerm_virtual_network.vnet"
          ]
        }
      ]
    },
    {
      "mode": "managed",
      "type": "azurerm_virtual_machine_extension",
      "name": "web_server_install",
      "provider": "provider[\"registry.terraform.io/hashicorp/azurerm\"]",
      "instances": [
        {
          "schema_version": 0,
          "attributes": {
            "auto_upgrade_minor_version": false,
            "automatic_upgrade_enabled": false,
            "failure_suppression_enabled": false,
            "id": "/subscriptions/3bbbef12-5553-4245-b63a-765d4c79bd1d/resourceGroups/cloudx-rg/providers/Microsoft.Compute/virtualMachines/cloudforged-vm/extensions/install-iis",
            "name": "install-iis",
            "protected_settings": null,
            "protected_settings_from_key_vault": [],
            "provision_after_extensions": [],
            "publisher": "Microsoft.Compute",
            "settings": "{\"commandToExecute\":\"powershell -Command \\\"Install-WindowsFeature -Name Web-Server -IncludeManagementTools\\\"\"}",
            "tags": {},
            "timeouts": null,
            "type": "CustomScriptExtension",
            "type_handler_version": "1.10",
            "virtual_machine_id": "/subscriptions/3bbbef12-5553-4245-b63a-765d4c79bd1d/resourceGroups/cloudx-rg/providers/Microsoft.Compute/virtualMachines/cloudforged-vm"
          },
          "sensitive_attributes": [
            [
              {
                "type": "get_attr",
                "value": "protected_settings"
              }
            ]
          ],
          "identity_schema_version": 0,
          "identity": {
            "name": "install-iis",
            "resource_group_name": "cloudx-rg",
            "subscription_id": "3bbbef12-5553-4245-b63a-765d4c79bd1d",
            "virtual_machine_name": "cloudforged-vm"
          },
          "private": "eyJlMmJmYjczMC1lY2FhLTExZTYtOGY4OC0zNDM2M2JjN2M0YzAiOnsiY3JlYXRlIjoxODAwMDAwMDAwMDAwLCJkZWxldGUiOjE4MDAwMDAwMDAwMDAsInJlYWQiOjMwMDAwMDAwMDAwMCwidXBkYXRlIjoxODAwMDAwMDAwMDAwfX0=",
          "dependencies": [
            "azurerm_network_interface.nic",
            "azurerm_public_ip.pip",
            "azurerm_resource_group.rg",
            "azurerm_subnet.cloud",
            "azurerm_virtual_network.vnet",
            "azurerm_windows_virtual_machine.vm",
            "data.azurerm_key_vault.kv",
            "data.azurerm_key_vault_secret.admin_password",
            "data.azurerm_key_vault_secret.admin_username"
          ]
        }
      ]
    },
    {
      "mode": "managed",
      "type": "azurerm_virtual_network",
      "name": "vnet",
      "provider": "provider[\"registry.terraform.io/hashicorp/azurerm\"]",
      "instances": [
        {
          "schema_version": 0,
          "attributes": {
            "address_space": [
              "10.0.0.0/16"
            ],
            "bgp_community": "",
            "ddos_protection_plan": [],
            "dns_servers": [],
            "edge_zone": "",
            "encryption": [],
            "flow_timeout_in_minutes": 0,
            "guid": "8c6d0a9e-e0ce-4621-9941-c0282e333f49",
            "id": "/subscriptions/3bbbef12-5553-4245-b63a-765d4c79bd1d/resourceGroups/cloudx-rg/providers/Microsoft.Network/virtualNetworks/unique-vnet",
            "ip_address_pool": [],
            "location": "canadacentral",
            "name": "unique-vnet",
            "private_endpoint_vnet_policies": "Disabled",
            "resource_group_name": "cloudx-rg",
            "subnet": [
              {
                "address_prefixes": [
                  "10.0.2.0/24"
                ],
                "default_outbound_access_enabled": true,
                "delegation": [],
                "id": "/subscriptions/3bbbef12-5553-4245-b63a-765d4c79bd1d/resourceGroups/cloudx-rg/providers/Microsoft.Network/virtualNetworks/unique-vnet/subnets/vm",
                "name": "vm",
                "private_endpoint_network_policies": "Disabled",
                "private_link_service_network_policies_enabled": true,
                "route_table_id": "",
                "security_group": "/subscriptions/3bbbef12-5553-4245-b63a-765d4c79bd1d/resourceGroups/cloudx-rg/providers/Microsoft.Network/networkSecurityGroups/vm-nsg",
                "service_endpoint_policy_ids": [],
                "service_endpoints": []
              }
            ],
            "tags": {},
            "timeouts": null
          },
          "sensitive_attributes": [],
          "identity_schema_version": 0,
          "identity": {
            "name": "unique-vnet",
            "resource_group_name": "cloudx-rg",
            "subscription_id": "3bbbef12-5553-4245-b63a-765d4c79bd1d"
          },
          "private": "eyJlMmJmYjczMC1lY2FhLTExZTYtOGY4OC0zNDM2M2JjN2M0YzAiOnsiY3JlYXRlIjoxODAwMDAwMDAwMDAwLCJkZWxldGUiOjE4MDAwMDAwMDAwMDAsInJlYWQiOjMwMDAwMDAwMDAwMCwidXBkYXRlIjoxODAwMDAwMDAwMDAwfX0=",
          "dependencies": [
            "azurerm_resource_group.rg"
          ]
        }
      ]
    },
    {
      "mode": "managed",
      "type": "azurerm_windows_virtual_machine",
      "name": "vm",
      "provider": "provider[\"registry.terraform.io/hashicorp/azurerm\"]",
      "instances": [
        {
          "schema_version": 0,
          "attributes": {
            "additional_capabilities": [],
            "additional_unattend_content": [],
            "admin_password": "StrongPassword123!",
            "admin_username": "adminuser",
            "allow_extension_operations": true,
            "automatic_updates_enabled": true,
            "availability_set_id": "",
            "boot_diagnostics": [],
            "bypass_platform_safety_checks_on_user_schedule_enabled": false,
            "capacity_reservation_group_id": "",
            "computer_name": "cloudforged-vm",
            "custom_data": null,
            "dedicated_host_group_id": "",
            "dedicated_host_id": "",
            "disk_controller_type": "",
            "edge_zone": "",
            "enable_automatic_updates": true,
            "encryption_at_host_enabled": false,
            "eviction_policy": "",
            "extensions_time_budget": "PT1H30M",
            "gallery_application": [],
            "hotpatching_enabled": false,
            "id": "/subscriptions/3bbbef12-5553-4245-b63a-765d4c79bd1d/resourceGroups/cloudx-rg/providers/Microsoft.Compute/virtualMachines/cloudforged-vm",
            "identity": [],
            "license_type": "",
            "location": "canadacentral",
            "max_bid_price": -1,
            "name": "cloudforged-vm",
            "network_interface_ids": [
              "/subscriptions/3bbbef12-5553-4245-b63a-765d4c79bd1d/resourceGroups/cloudx-rg/providers/Microsoft.Network/networkInterfaces/vm-nic"
            ],
            "os_disk": [
              {
                "caching": "ReadWrite",
                "diff_disk_settings": [],
                "disk_encryption_set_id": "",
                "disk_size_gb": 127,
                "id": "/subscriptions/3bbbef12-5553-4245-b63a-765d4c79bd1d/resourceGroups/cloudx-rg/providers/Microsoft.Compute/disks/cloudforged-vm_disk1_749fa2d074624921a5b6b84a4953aae1",
                "name": "cloudforged-vm_disk1_749fa2d074624921a5b6b84a4953aae1",
                "secure_vm_disk_encryption_set_id": "",
                "security_encryption_type": "",
                "storage_account_type": "Standard_LRS",
                "write_accelerator_enabled": false
              }
            ],
            "os_image_notification": [],
            "os_managed_disk_id": "/subscriptions/3bbbef12-5553-4245-b63a-765d4c79bd1d/resourceGroups/cloudx-rg/providers/Microsoft.Compute/disks/cloudforged-vm_disk1_749fa2d074624921a5b6b84a4953aae1",
            "patch_assessment_mode": "ImageDefault",
            "patch_mode": "AutomaticByOS",
            "plan": [],
            "platform_fault_domain": -1,
            "priority": "Regular",
            "private_ip_address": "10.0.2.4",
            "private_ip_addresses": [
              "10.0.2.4"
            ],
            "provision_vm_agent": true,
            "proximity_placement_group_id": "",
            "public_ip_address": "4.206.72.8",
            "public_ip_addresses": [
              "4.206.72.8"
            ],
            "reboot_setting": "",
            "resource_group_name": "cloudx-rg",
            "secret": [],
            "secure_boot_enabled": false,
            "size": "Standard_F2",
            "source_image_id": "",
            "source_image_reference": [
              {
                "offer": "WindowsServer",
                "publisher": "MicrosoftWindowsServer",
                "sku": "2022-Datacenter",
                "version": "latest"
              }
            ],
            "tags": {},
            "termination_notification": [],
            "timeouts": null,
            "timezone": "",
            "user_data": "",
            "virtual_machine_id": "28ee7e39-3006-40d4-bd03-23d1bf318a04",
            "virtual_machine_scale_set_id": "",
            "vm_agent_platform_updates_enabled": true,
            "vtpm_enabled": false,
            "winrm_listener": [],
            "zone": ""
          },
          "sensitive_attributes": [
            [
              {
                "type": "get_attr",
                "value": "admin_password"
              }
            ],
            [
              {
                "type": "get_attr",
                "value": "admin_username"
              }
            ],
            [
              {
                "type": "get_attr",
                "value": "custom_data"
              }
            ]
          ],
          "identity_schema_version": 0,
          "private": "eyJlMmJmYjczMC1lY2FhLTExZTYtOGY4OC0zNDM2M2JjN2M0YzAiOnsiY3JlYXRlIjoyNzAwMDAwMDAwMDAwLCJkZWxldGUiOjI3MDAwMDAwMDAwMDAsInJlYWQiOjMwMDAwMDAwMDAwMCwidXBkYXRlIjoyNzAwMDAwMDAwMDAwfX0=",
          "dependencies": [
            "azurerm_network_interface.nic",
            "azurerm_public_ip.pip",
            "azurerm_resource_group.rg",
            "azurerm_subnet.cloud",
            "azurerm_virtual_network.vnet",
            "data.azurerm_key_vault.kv",
            "data.azurerm_key_vault_secret.admin_password",
            "data.azurerm_key_vault_secret.admin_username"
          ]
        }
      ]
    }
  ],
  "check_results": null
}
